
Microsoft Visual Studio Solution File, Format Version 12.00
# Visual Studio Version 16
VisualStudioVersion = 16.0.30804.86
MinimumVisualStudioVersion = 10.0.40219.1
Project("{9A19103F-16F7-4668-BE54-9A1E7A4F7556}") = "MenuCalculadora", "MenuCalculadora\MenuCalculadora.csproj", "{B470E8D4-725F-4E5F-B5C2-14AE9A9E0ED5}"
EndProject
Project("{FAE04EC0-301F-11D3-BF4B-00C04F79EFBC}") = "Matematica", "Matematica\Matematica.csproj", "{C20CD58B-64DA-447D-8F75-64A40DFB5F11}"
EndProject
Global
	GlobalSection(SolutionConfigurationPlatforms) = preSolution
		Debug|Any CPU = Debug|Any CPU
		Release|Any CPU = Release|Any CPU
	EndGlobalSection
	GlobalSection(ProjectConfigurationPlatforms) = postSolution
		{B470E8D4-725F-4E5F-B5C2-14AE9A9E0ED5}.Debug|Any CPU.ActiveCfg = Debug|Any CPU
		{B470E8D4-725F-4E5F-B5C2-14AE9A9E0ED5}.Debug|Any CPU.Build.0 = Debug|Any CPU
		{B470E8D4-725F-4E5F-B5C2-14AE9A9E0ED5}.Release|Any CPU.ActiveCfg = Release|Any CPU
		{B470E8D4-725F-4E5F-B5C2-14AE9A9E0ED5}.Release|Any CPU.Build.0 = Release|Any CPU
		{C20CD58B-64DA-447D-8F75-64A40DFB5F11}.Debug|Any CPU.ActiveCfg = Debug|Any CPU
		{C20CD58B-64DA-447D-8F75-64A40DFB5F11}.Debug|Any CPU.Build.0 = Debug|Any CPU
		{C20CD58B-64DA-447D-8F75-64A40DFB5F11}.Release|Any CPU.ActiveCfg = Release|Any CPU
		{C20CD58B-64DA-447D-8F75-64A40DFB5F11}.Release|Any CPU.Build.0 = Release|Any CPU
	EndGlobalSection
	GlobalSection(SolutionProperties) = preSolution
		HideSolutionNode = FALSE
	EndGlobalSection
	GlobalSection(ExtensibilityGlobals) = postSolution
		SolutionGuid = {D7B60503-5329-4842-A5B2-385F600971CA}
	EndGlobalSection
EndGlobal
